{
    "_readme": [
        "This file locks the dependencies of your project to a known state",
        "Read more about it at https://getcomposer.org/doc/01-basic-usage.md#installing-dependencies",
        "This file is @generated automatically"
    ],
    "content-hash": "1c0a68962702d0dfe507edc488f141cf",
    "packages": [
        {
            "name": "bieronski/data-grid",
            "version": "0.9.7",
            "source": {
                "type": "git",
                "url": "https://github.com/Buck3thead/DataGrid.git",
                "reference": "cf5592c55fc28aedd78f25a2b1344ae63b6b70ed"
            },
            "dist": {
                "type": "zip",
                "url": "https://api.github.com/repos/Buck3thead/DataGrid/zipball/cf5592c55fc28aedd78f25a2b1344ae63b6b70ed",
                "reference": "cf5592c55fc28aedd78f25a2b1344ae63b6b70ed",
                "shasum": ""
            },
            "require": {
                "ext-json": "*"
            },
            "require-dev": {
                "phpunit/phpunit": "^9.5"
            },
            "type": "library",
            "autoload": {
                "psr-4": {
                    "Bieronski\\DataGrid\\": "src/"
                }
            },
            "autoload-dev": {
                "psr-4": {
                    "Bieronski\\DataGrid\\Tests\\": "tests/"
                }
            },
            "authors": [
                {
                    "name": "Rafał B.",
                    "email": "bieronski@yahoo.pl"
                }
            ],
            "description": "Array to html table renderer.",
            "support": {
                "source": "https://github.com/Buck3thead/DataGrid/tree/0.9.7",
                "issues": "https://github.com/Buck3thead/DataGrid/issues"
            },
            "time": "2021-06-04T12:54:13+00:00"
        }
    ],
    "packages-dev": [],
    "aliases": [],
    "minimum-stability": "stable",
    "stability-flags": [],
    "prefer-stable": false,
    "prefer-lowest": false,
    "platform": {
        "ext-json": "*"
    },
    "platform-dev": [],
    "plugin-api-version": "2.0.0"
}
